
Microsoft Visual Studio Solution File, Format Version 12.00
# Visual Studio Version 17
VisualStudioVersion = 17.14.36429.23 d17.14
MinimumVisualStudioVersion = 10.0.40219.1
Project("{FAE04EC0-301F-11D3-BF4B-00C04F79EFBC}") = "Bibliteca", "Bibliteca\Bibliteca.csproj", "{5B80BDCB-F4C9-4670-AF4D-E0939FAD42A3}"
EndProject
Global
	GlobalSection(SolutionConfigurationPlatforms) = preSolution
		Debug|Any CPU = Debug|Any CPU
		Release|Any CPU = Release|Any CPU
	EndGlobalSection
	GlobalSection(ProjectConfigurationPlatforms) = postSolution
		{5B80BDCB-F4C9-4670-AF4D-E0939FAD42A3}.Debug|Any CPU.ActiveCfg = Debug|Any CPU
		{5B80BDCB-F4C9-4670-AF4D-E0939FAD42A3}.Debug|Any CPU.Build.0 = Debug|Any CPU
		{5B80BDCB-F4C9-4670-AF4D-E0939FAD42A3}.Release|Any CPU.ActiveCfg = Release|Any CPU
		{5B80BDCB-F4C9-4670-AF4D-E0939FAD42A3}.Release|Any CPU.Build.0 = Release|Any CPU
	EndGlobalSection
	GlobalSection(SolutionProperties) = preSolution
		HideSolutionNode = FALSE
	EndGlobalSection
	GlobalSection(ExtensibilityGlobals) = postSolution
		SolutionGuid = {7E24EB43-3949-41E8-88A4-F064C4D75517}
	EndGlobalSection
EndGlobal
